// !$*UTF8*$!
{
	archiveVersion = 1;
	classes = {
	};
	objectVersion = 55;
	objects = {

/* Begin PBXBuildFile section */
		4A76DA3656B22448ABA41218 /* Pods_SymbolTrivia.framework in Frameworks */ = {isa = PBXBuildFile; fileRef = D551C9FEAEC2DA005CEB3741 /* Pods_SymbolTrivia.framework */; };
		993E87EA28450E290031A79B /* GameScreen.swift in Sources */ = {isa = PBXBuildFile; fileRef = 993E87E928450E290031A79B /* GameScreen.swift */; };
		993E87EC28451D9C0031A79B /* GameOver.swift in Sources */ = {isa = PBXBuildFile; fileRef = 993E87EB28451D9C0031A79B /* GameOver.swift */; };
		C1F9A1B5283A621500D896CA /* AppDelegate.swift in Sources */ = {isa = PBXBuildFile; fileRef = C1F9A1B4283A621500D896CA /* AppDelegate.swift */; };
		C1F9A1B7283A621500D896CA /* SceneDelegate.swift in Sources */ = {isa = PBXBuildFile; fileRef = C1F9A1B6283A621500D896CA /* SceneDelegate.swift */; };
		C1F9A1B9283A621500D896CA /* ViewController.swift in Sources */ = {isa = PBXBuildFile; fileRef = C1F9A1B8283A621500D896CA /* ViewController.swift */; };
		C1F9A1BC283A621500D896CA /* Main.storyboard in Resources */ = {isa = PBXBuildFile; fileRef = C1F9A1BA283A621500D896CA /* Main.storyboard */; };
		C1F9A1BE283A621600D896CA /* Assets.xcassets in Resources */ = {isa = PBXBuildFile; fileRef = C1F9A1BD283A621600D896CA /* Assets.xcassets */; };
		C1F9A1C1283A621600D896CA /* LaunchScreen.storyboard in Resources */ = {isa = PBXBuildFile; fileRef = C1F9A1BF283A621600D896CA /* LaunchScreen.storyboard */; };
/* End PBXBuildFile section */

/* Begin PBXFileReference section */
		8883D79A2965DE6AC92027BC /* Pods-SymbolTrivia.release.xcconfig */ = {isa = PBXFileReference; includeInIndex = 1; lastKnownFileType = text.xcconfig; name = "Pods-SymbolTrivia.release.xcconfig"; path = "Target Support Files/Pods-SymbolTrivia/Pods-SymbolTrivia.release.xcconfig"; sourceTree = "<group>"; };
		8C365E227E6E68D4FBE05757 /* Pods-SymbolTrivia.debug.xcconfig */ = {isa = PBXFileReference; includeInIndex = 1; lastKnownFileType = text.xcconfig; name = "Pods-SymbolTrivia.debug.xcconfig"; path = "Target Support Files/Pods-SymbolTrivia/Pods-SymbolTrivia.debug.xcconfig"; sourceTree = "<group>"; };
		993E87E928450E290031A79B /* GameScreen.swift */ = {isa = PBXFileReference; lastKnownFileType = sourcecode.swift; path = GameScreen.swift; sourceTree = "<group>"; };
		993E87EB28451D9C0031A79B /* GameOver.swift */ = {isa = PBXFileReference; lastKnownFileType = sourcecode.swift; name = GameOver.swift; path = /Users/liron/Desktop/iOS/SymbolTrivia/SymbolTrivia/GameOver.swift; sourceTree = "<absolute>"; };
		C1F9A1B1283A621500D896CA /* SymbolTrivia.app */ = {isa = PBXFileReference; explicitFileType = wrapper.application; includeInIndex = 0; path = SymbolTrivia.app; sourceTree = BUILT_PRODUCTS_DIR; };
		C1F9A1B4283A621500D896CA /* AppDelegate.swift */ = {isa = PBXFileReference; lastKnownFileType = sourcecode.swift; path = AppDelegate.swift; sourceTree = "<group>"; };
		C1F9A1B6283A621500D896CA /* SceneDelegate.swift */ = {isa = PBXFileReference; lastKnownFileType = sourcecode.swift; path = SceneDelegate.swift; sourceTree = "<group>"; };
		C1F9A1B8283A621500D896CA /* ViewController.swift */ = {isa = PBXFileReference; lastKnownFileType = sourcecode.swift; path = ViewController.swift; sourceTree = "<group>"; };
		C1F9A1BB283A621500D896CA /* Base */ = {isa = PBXFileReference; lastKnownFileType = file.storyboard; name = Base; path = Base.lproj/Main.storyboard; sourceTree = "<group>"; };
		C1F9A1BD283A621600D896CA /* Assets.xcassets */ = {isa = PBXFileReference; lastKnownFileType = folder.assetcatalog; path = Assets.xcassets; sourceTree = "<group>"; };
		C1F9A1C0283A621600D896CA /* Base */ = {isa = PBXFileReference; lastKnownFileType = file.storyboard; name = Base; path = Base.lproj/LaunchScreen.storyboard; sourceTree = "<group>"; };
		C1F9A1C2283A621600D896CA /* Info.plist */ = {isa = PBXFileReference; lastKnownFileType = text.plist.xml; path = Info.plist; sourceTree = "<group>"; };
		D551C9FEAEC2DA005CEB3741 /* Pods_SymbolTrivia.framework */ = {isa = PBXFileReference; explicitFileType = wrapper.framework; includeInIndex = 0; path = Pods_SymbolTrivia.framework; sourceTree = BUILT_PRODUCTS_DIR; };
/* End PBXFileReference section */

/* Begin PBXFrameworksBuildPhase section */
		C1F9A1AE283A621500D896CA /* Frameworks */ = {
			isa = PBXFrameworksBuildPhase;
			buildActionMask = 2147483647;
			files = (
				4A76DA3656B22448ABA41218 /* Pods_SymbolTrivia.framework in Frameworks */,
			);
			runOnlyForDeploymentPostprocessing = 0;
		};
/* End PBXFrameworksBuildPhase section */

/* Begin PBXGroup section */
		C1F9A1A8283A621500D896CA = {
			isa = PBXGroup;
			children = (
				C1F9A1B3283A621500D896CA /* SymbolTrivia */,
				C1F9A1B2283A621500D896CA /* Products */,
				CBF7AB2490CE86B47B9460DE /* Pods */,
				CA39E5274BE92C1F25AFDD9B /* Frameworks */,
			);
			sourceTree = "<group>";
		};
		C1F9A1B2283A621500D896CA /* Products */ = {
			isa = PBXGroup;
			children = (
				C1F9A1B1283A621500D896CA /* SymbolTrivia.app */,
			);
			name = Products;
			sourceTree = "<group>";
		};
		C1F9A1B3283A621500D896CA /* SymbolTrivia */ = {
			isa = PBXGroup;
			children = (
				993E87EB28451D9C0031A79B /* GameOver.swift */,
				C1F9A1B4283A621500D896CA /* AppDelegate.swift */,
				C1F9A1B6283A621500D896CA /* SceneDelegate.swift */,
				C1F9A1B8283A621500D896CA /* ViewController.swift */,
				993E87E928450E290031A79B /* GameScreen.swift */,
				C1F9A1BA283A621500D896CA /* Main.storyboard */,
				C1F9A1BD283A621600D896CA /* Assets.xcassets */,
				C1F9A1BF283A621600D896CA /* LaunchScreen.storyboard */,
				C1F9A1C2283A621600D896CA /* Info.plist */,
			);
			path = SymbolTrivia;
			sourceTree = "<group>";
		};
		CA39E5274BE92C1F25AFDD9B /* Frameworks */ = {
			isa = PBXGroup;
			children = (
				D551C9FEAEC2DA005CEB3741 /* Pods_SymbolTrivia.framework */,
			);
			name = Frameworks;
			sourceTree = "<group>";
		};
		CBF7AB2490CE86B47B9460DE /* Pods */ = {
			isa = PBXGroup;
			children = (
				8C365E227E6E68D4FBE05757 /* Pods-SymbolTrivia.debug.xcconfig */,
				8883D79A2965DE6AC92027BC /* Pods-SymbolTrivia.release.xcconfig */,
			);
			path = Pods;
			sourceTree = "<group>";
		};
/* End PBXGroup section */

/* Begin PBXNativeTarget section */
		C1F9A1B0283A621500D896CA /* SymbolTrivia */ = {
			isa = PBXNativeTarget;
			buildConfigurationList = C1F9A1C5283A621600D896CA /* Build configuration list for PBXNativeTarget "SymbolTrivia" */;
			buildPhases = (
				4C9CD414E7445A6437311E14 /* [CP] Check Pods Manifest.lock */,
				C1F9A1AD283A621500D896CA /* Sources */,
				C1F9A1AE283A621500D896CA /* Frameworks */,
				C1F9A1AF283A621500D896CA /* Resources */,
				90470A09456CB35536BAE351 /* [CP] Embed Pods Frameworks */,
			);
			buildRules = (
			);
			dependencies = (
			);
			name = SymbolTrivia;
			productName = SymbolTrivia;
			productReference = C1F9A1B1283A621500D896CA /* SymbolTrivia.app */;
			productType = "com.apple.product-type.application";
		};
/* End PBXNativeTarget section */

/* Begin PBXProject section */
		C1F9A1A9283A621500D896CA /* Project object */ = {
			isa = PBXProject;
			attributes = {
				BuildIndependentTargetsInParallel = 1;
				LastSwiftUpdateCheck = 1340;
				LastUpgradeCheck = 1340;
				TargetAttributes = {
					C1F9A1B0283A621500D896CA = {
						CreatedOnToolsVersion = 13.4;
					};
				};
			};
			buildConfigurationList = C1F9A1AC283A621500D896CA /* Build configuration list for PBXProject "SymbolTrivia" */;
			compatibilityVersion = "Xcode 13.0";
			developmentRegion = en;
			hasScannedForEncodings = 0;
			knownRegions = (
				en,
				Base,
			);
			mainGroup = C1F9A1A8283A621500D896CA;
			productRefGroup = C1F9A1B2283A621500D896CA /* Products */;
			projectDirPath = "";
			projectRoot = "";
			targets = (
				C1F9A1B0283A621500D896CA /* SymbolTrivia */,
			);
		};
/* End PBXProject section */

/* Begin PBXResourcesBuildPhase section */
		C1F9A1AF283A621500D896CA /* Resources */ = {
			isa = PBXResourcesBuildPhase;
			buildActionMask = 2147483647;
			files = (
				C1F9A1C1283A621600D896CA /* LaunchScreen.storyboard in Resources */,
				C1F9A1BE283A621600D896CA /* Assets.xcassets in Resources */,
				C1F9A1BC283A621500D896CA /* Main.storyboard in Resources */,
			);
			runOnlyForDeploymentPostprocessing = 0;
		};
/* End PBXResourcesBuildPhase section */

/* Begin PBXShellScriptBuildPhase section */
		4C9CD414E7445A6437311E14 /* [CP] Check Pods Manifest.lock */ = {
			isa = PBXShellScriptBuildPhase;
			buildActionMask = 2147483647;
			files = (
			);
			inputFileListPaths = (
			);
			inputPaths = (
				"${PODS_PODFILE_DIR_PATH}/Podfile.lock",
				"${PODS_ROOT}/Manifest.lock",
			);
			name = "[CP] Check Pods Manifest.lock";
			outputFileListPaths = (
			);
			outputPaths = (
				"$(DERIVED_FILE_DIR)/Pods-SymbolTrivia-checkManifestLockResult.txt",
			);
			runOnlyForDeploymentPostprocessing = 0;
			shellPath = /bin/sh;
			shellScript = "diff \"${PODS_PODFILE_DIR_PATH}/Podfile.lock\" \"${PODS_ROOT}/Manifest.lock\" > /dev/null\nif [ $? != 0 ] ; then\n    # print error to STDERR\n    echo \"error: The sandbox is not in sync with the Podfile.lock. Run 'pod install' or update your CocoaPods installation.\" >&2\n    exit 1\nfi\n# This output is used by Xcode 'outputs' to avoid re-running this script phase.\necho \"SUCCESS\" > \"${SCRIPT_OUTPUT_FILE_0}\"\n";
			showEnvVarsInLog = 0;
		};
		90470A09456CB35536BAE351 /* [CP] Embed Pods Frameworks */ = {
			isa = PBXShellScriptBuildPhase;
			buildActionMask = 2147483647;
			files = (
			);
			inputFileListPaths = (
				"${PODS_ROOT}/Target Support Files/Pods-SymbolTrivia/Pods-SymbolTrivia-frameworks-${CONFIGURATION}-input-files.xcfilelist",
			);
			name = "[CP] Embed Pods Frameworks";
			outputFileListPaths = (
				"${PODS_ROOT}/Target Support Files/Pods-SymbolTrivia/Pods-SymbolTrivia-frameworks-${CONFIGURATION}-output-files.xcfilelist",
			);
			runOnlyForDeploymentPostprocessing = 0;
			shellPath = /bin/sh;
			shellScript = "\"${PODS_ROOT}/Target Support Files/Pods-SymbolTrivia/Pods-SymbolTrivia-frameworks.sh\"\n";
			showEnvVarsInLog = 0;
		};
/* End PBXShellScriptBuildPhase section */

/* Begin PBXSourcesBuildPhase section */
		C1F9A1AD283A621500D896CA /* Sources */ = {
			isa = PBXSourcesBuildPhase;
			buildActionMask = 2147483647;
			files = (
				C1F9A1B9283A621500D896CA /* ViewController.swift in Sources */,
				993E87EA28450E290031A79B /* GameScreen.swift in Sources */,
				C1F9A1B5283A621500D896CA /* AppDelegate.swift in Sources */,
				993E87EC28451D9C0031A79B /* GameOver.swift in Sources */,
				C1F9A1B7283A621500D896CA /* SceneDelegate.swift in Sources */,
			);
			runOnlyForDeploymentPostprocessing = 0;
		};
/* End PBXSourcesBuildPhase section */

/* Begin PBXVariantGroup section */
		C1F9A1BA283A621500D896CA /* Main.storyboard */ = {
			isa = PBXVariantGroup;
			children = (
				C1F9A1BB283A621500D896CA /* Base */,
			);
			name = Main.storyboard;
			sourceTree = "<group>";
		};
		C1F9A1BF283A621600D896CA /* LaunchScreen.storyboard */ = {
			isa = PBXVariantGroup;
			children = (
				C1F9A1C0283A621600D896CA /* Base */,
			);
			name = LaunchScreen.storyboard;
			sourceTree = "<group>";
		};
/* End PBXVariantGroup section */

/* Begin XCBuildConfiguration section */
		C1F9A1C3283A621600D896CA /* Debug */ = {
			isa = XCBuildConfiguration;
			buildSettings = {
				ALWAYS_SEARCH_USER_PATHS = NO;
				CLANG_ANALYZER_NONNULL = YES;
				CLANG_ANALYZER_NUMBER_OBJECT_CONVERSION = YES_AGGRESSIVE;
				CLANG_CXX_LANGUAGE_STANDARD = "gnu++17";
				CLANG_ENABLE_MODULES = YES;
				CLANG_ENABLE_OBJC_ARC = YES;
				CLANG_ENABLE_OBJC_WEAK = YES;
				CLANG_WARN_BLOCK_CAPTURE_AUTORELEASING = YES;
				CLANG_WARN_BOOL_CONVERSION = YES;
				CLANG_WARN_COMMA = YES;
				CLANG_WARN_CONSTANT_CONVERSION = YES;
				CLANG_WARN_DEPRECATED_OBJC_IMPLEMENTATIONS = YES;
				CLANG_WARN_DIRECT_OBJC_ISA_USAGE = YES_ERROR;
				CLANG_WARN_DOCUMENTATION_COMMENTS = YES;
				CLANG_WARN_EMPTY_BODY = YES;
				CLANG_WARN_ENUM_CONVERSION = YES;
				CLANG_WARN_INFINITE_RECURSION = YES;
				CLANG_WARN_INT_CONVERSION = YES;
				CLANG_WARN_NON_LITERAL_NULL_CONVERSION = YES;
				CLANG_WARN_OBJC_IMPLICIT_RETAIN_SELF = YES;
				CLANG_WARN_OBJC_LITERAL_CONVERSION = YES;
				CLANG_WARN_OBJC_ROOT_CLASS = YES_ERROR;
				CLANG_WARN_QUOTED_INCLUDE_IN_FRAMEWORK_HEADER = YES;
				CLANG_WARN_RANGE_LOOP_ANALYSIS = YES;
				CLANG_WARN_STRICT_PROTOTYPES = YES;
				CLANG_WARN_SUSPICIOUS_MOVE = YES;
				CLANG_WARN_UNGUARDED_AVAILABILITY = YES_AGGRESSIVE;
				CLANG_WARN_UNREACHABLE_CODE = YES;
				CLANG_WARN__DUPLICATE_METHOD_MATCH = YES;
				COPY_PHASE_STRIP = NO;
				DEBUG_INFORMATION_FORMAT = dwarf;
				ENABLE_STRICT_OBJC_MSGSEND = YES;
				ENABLE_TESTABILITY = YES;
				GCC_C_LANGUAGE_STANDARD = gnu11;
				GCC_DYNAMIC_NO_PIC = NO;
				GCC_NO_COMMON_BLOCKS = YES;
				GCC_OPTIMIZATION_LEVEL = 0;
				GCC_PREPROCESSOR_DEFINITIONS = (
					"DEBUG=1",
					"$(inherited)",
				);
				GCC_WARN_64_TO_32_BIT_CONVERSION = YES;
				GCC_WARN_ABOUT_RETURN_TYPE = YES_ERROR;
				GCC_WARN_UNDECLARED_SELECTOR = YES;
				GCC_WARN_UNINITIALIZED_AUTOS = YES_AGGRESSIVE;
				GCC_WARN_UNUSED_FUNCTION = YES;
				GCC_WARN_UNUSED_VARIABLE = YES;
				IPHONEOS_DEPLOYMENT_TARGET = 15.5;
				MTL_ENABLE_DEBUG_INFO = INCLUDE_SOURCE;
				MTL_FAST_MATH = YES;
				ONLY_ACTIVE_ARCH = YES;
				SDKROOT = iphoneos;
				SWIFT_ACTIVE_COMPILATION_CONDITIONS = DEBUG;
				SWIFT_OPTIMIZATION_LEVEL = "-Onone";
			};
			name = Debug;
		};
		C1F9A1C4283A621600D896CA /* Release */ = {
			isa = XCBuildConfiguration;
			buildSettings = {
				ALWAYS_SEARCH_USER_PATHS = NO;
				CLANG_ANALYZER_NONNULL = YES;
				CLANG_ANALYZER_NUMBER_OBJECT_CONVERSION = YES_AGGRESSIVE;
				CLANG_CXX_LANGUAGE_STANDARD = "gnu++17";
				CLANG_ENABLE_MODULES = YES;
				CLANG_ENABLE_OBJC_ARC = YES;
				CLANG_ENABLE_OBJC_WEAK = YES;
				CLANG_WARN_BLOCK_CAPTURE_AUTORELEASING = YES;
				CLANG_WARN_BOOL_CONVERSION = YES;
				CLANG_WARN_COMMA = YES;
				CLANG_WARN_CONSTANT_CONVERSION = YES;
				CLANG_WARN_DEPRECATED_OBJC_IMPLEMENTATIONS = YES;
				CLANG_WARN_DIRECT_OBJC_ISA_USAGE = YES_ERROR;
				CLANG_WARN_DOCUMENTATION_COMMENTS = YES;
				CLANG_WARN_EMPTY_BODY = YES;
				CLANG_WARN_ENUM_CONVERSION = YES;
				CLANG_WARN_INFINITE_RECURSION = YES;
				CLANG_WARN_INT_CONVERSION = YES;
				CLANG_WARN_NON_LITERAL_NULL_CONVERSION = YES;
				CLANG_WARN_OBJC_IMPLICIT_RETAIN_SELF = YES;
				CLANG_WARN_OBJC_LITERAL_CONVERSION = YES;
				CLANG_WARN_OBJC_ROOT_CLASS = YES_ERROR;
				CLANG_WARN_QUOTED_INCLUDE_IN_FRAMEWORK_HEADER = YES;
				CLANG_WARN_RANGE_LOOP_ANALYSIS = YES;
				CLANG_WARN_STRICT_PROTOTYPES = YES;
				CLANG_WARN_SUSPICIOUS_MOVE = YES;
				CLANG_WARN_UNGUARDED_AVAILABILITY = YES_AGGRESSIVE;
				CLANG_WARN_UNREACHABLE_CODE = YES;
				CLANG_WARN__DUPLICATE_METHOD_MATCH = YES;
				COPY_PHASE_STRIP = NO;
				DEBUG_INFORMATION_FORMAT = "dwarf-with-dsym";
				ENABLE_NS_ASSERTIONS = NO;
				ENABLE_STRICT_OBJC_MSGSEND = YES;
				GCC_C_LANGUAGE_STANDARD = gnu11;
				GCC_NO_COMMON_BLOCKS = YES;
				GCC_WARN_64_TO_32_BIT_CONVERSION = YES;
				GCC_WARN_ABOUT_RETURN_TYPE = YES_ERROR;
				GCC_WARN_UNDECLARED_SELECTOR = YES;
				GCC_WARN_UNINITIALIZED_AUTOS = YES_AGGRESSIVE;
				GCC_WARN_UNUSED_FUNCTION = YES;
				GCC_WARN_UNUSED_VARIABLE = YES;
				IPHONEOS_DEPLOYMENT_TARGET = 15.5;
				MTL_ENABLE_DEBUG_INFO = NO;
				MTL_FAST_MATH = YES;
				SDKROOT = iphoneos;
				SWIFT_COMPILATION_MODE = wholemodule;
				SWIFT_OPTIMIZATION_LEVEL = "-O";
				VALIDATE_PRODUCT = YES;
			};
			name = Release;
		};
		C1F9A1C6283A621600D896CA /* Debug */ = {
			isa = XCBuildConfiguration;
			baseConfigurationReference = 8C365E227E6E68D4FBE05757 /* Pods-SymbolTrivia.debug.xcconfig */;
			buildSettings = {
				ASSETCATALOG_COMPILER_APPICON_NAME = AppIcon;
				ASSETCATALOG_COMPILER_GLOBAL_ACCENT_COLOR_NAME = AccentColor;
				CODE_SIGN_STYLE = Automatic;
				CURRENT_PROJECT_VERSION = 1;
				GENERATE_INFOPLIST_FILE = YES;
				INFOPLIST_FILE = SymbolTrivia/Info.plist;
				INFOPLIST_KEY_UIApplicationSupportsIndirectInputEvents = YES;
				INFOPLIST_KEY_UILaunchStoryboardName = LaunchScreen;
				INFOPLIST_KEY_UIMainStoryboardFile = Main;
				INFOPLIST_KEY_UISupportedInterfaceOrientations_iPad = "UIInterfaceOrientationPortrait UIInterfaceOrientationPortraitUpsideDown UIInterfaceOrientationLandscapeLeft UIInterfaceOrientationLandscapeRight";
				INFOPLIST_KEY_UISupportedInterfaceOrientations_iPhone = "UIInterfaceOrientationPortrait UIInterfaceOrientationLandscapeLeft UIInterfaceOrientationLandscapeRight";
				IPHONEOS_DEPLOYMENT_TARGET = 14.0;
				LD_RUNPATH_SEARCH_PATHS = (
					"$(inherited)",
					"@executable_path/Frameworks",
				);
				MARKETING_VERSION = 1.0;
				PRODUCT_BUNDLE_IDENTIFIER = com.tomerk.SymbolTrivia;
				PRODUCT_NAME = "$(TARGET_NAME)";
				SWIFT_EMIT_LOC_STRINGS = YES;
				SWIFT_VERSION = 5.0;
				TARGETED_DEVICE_FAMILY = "1,2";
			};
			name = Debug;
		};
		C1F9A1C7283A621600D896CA /* Release */ = {
			isa = XCBuildConfiguration;
			baseConfigurationReference = 8883D79A2965DE6AC92027BC /* Pods-SymbolTrivia.release.xcconfig */;
			buildSettings = {
				ASSETCATALOG_COMPILER_APPICON_NAME = AppIcon;
				ASSETCATALOG_COMPILER_GLOBAL_ACCENT_COLOR_NAME = AccentColor;
				CODE_SIGN_STYLE = Automatic;
				CURRENT_PROJECT_VERSION = 1;
				GENERATE_INFOPLIST_FILE = YES;
				INFOPLIST_FILE = SymbolTrivia/Info.plist;
				INFOPLIST_KEY_UIApplicationSupportsIndirectInputEvents = YES;
				INFOPLIST_KEY_UILaunchStoryboardName = LaunchScreen;
				INFOPLIST_KEY_UIMainStoryboardFile = Main;
				INFOPLIST_KEY_UISupportedInterfaceOrientations_iPad = "UIInterfaceOrientationPortrait UIInterfaceOrientationPortraitUpsideDown UIInterfaceOrientationLandscapeLeft UIInterfaceOrientationLandscapeRight";
				INFOPLIST_KEY_UISupportedInterfaceOrientations_iPhone = "UIInterfaceOrientationPortrait UIInterfaceOrientationLandscapeLeft UIInterfaceOrientationLandscapeRight";
				IPHONEOS_DEPLOYMENT_TARGET = 14.0;
				LD_RUNPATH_SEARCH_PATHS = (
					"$(inherited)",
					"@executable_path/Frameworks",
				);
				MARKETING_VERSION = 1.0;
				PRODUCT_BUNDLE_IDENTIFIER = com.tomerk.SymbolTrivia;
				PRODUCT_NAME = "$(TARGET_NAME)";
				SWIFT_EMIT_LOC_STRINGS = YES;
				SWIFT_VERSION = 5.0;
				TARGETED_DEVICE_FAMILY = "1,2";
			};
			name = Release;
		};
/* End XCBuildConfiguration section */

/* Begin XCConfigurationList section */
		C1F9A1AC283A621500D896CA /* Build configuration list for PBXProject "SymbolTrivia" */ = {
			isa = XCConfigurationList;
			buildConfigurations = (
				C1F9A1C3283A621600D896CA /* Debug */,
				C1F9A1C4283A621600D896CA /* Release */,
			);
			defaultConfigurationIsVisible = 0;
			defaultConfigurationName = Release;
		};
		C1F9A1C5283A621600D896CA /* Build configuration list for PBXNativeTarget "SymbolTrivia" */ = {
			isa = XCConfigurationList;
			buildConfigurations = (
				C1F9A1C6283A621600D896CA /* Debug */,
				C1F9A1C7283A621600D896CA /* Release */,
			);
			defaultConfigurationIsVisible = 0;
			defaultConfigurationName = Release;
		};
/* End XCConfigurationList section */
	};
	rootObject = C1F9A1A9283A621500D896CA /* Project object */;
}
